# This file is generated by running "yarn install" inside your project.
# Manual changes might be lost - proceed with caution!

__metadata:
  version: 8
  cacheKey: 10c0

"@types/node@npm:^24.5.0":
  version: 24.5.0
  resolution: "@types/node@npm:24.5.0"
  dependencies:
    undici-types: "npm:~7.12.0"
  checksum: 10c0/c5beff68481e2cc667279a1478b34a1cfd048dbff914219cb5888967938d134907836b6c4d6d141dc862489cb09ef28f7d446c7a3b475181fd126c0fcd2916fa
  languageName: node
  linkType: hard

"cookie-es@npm:^1.2.2":
  version: 1.2.2
  resolution: "cookie-es@npm:1.2.2"
  checksum: 10c0/210eb67cd40a53986fda99d6f47118cfc45a69c4abc03490d15ab1b83ac978d5518356aecdd7a7a4969292445e3063c2302deda4c73706a67edc008127608638
  languageName: node
  linkType: hard

"crossws@npm:^0.3.5":
  version: 0.3.5
  resolution: "crossws@npm:0.3.5"
  dependencies:
    uncrypto: "npm:^0.1.3"
  checksum: 10c0/9e873546f0806606c4f775219f6811768fc3b3b0765ca8230722e849058ad098318af006e1faa39a8008c03009c37c519f6bccad41b0d78586237585c75fb38b
  languageName: node
  linkType: hard

"defu@npm:^6.1.4":
  version: 6.1.4
  resolution: "defu@npm:6.1.4"
  checksum: 10c0/2d6cc366262dc0cb8096e429368e44052fdf43ed48e53ad84cc7c9407f890301aa5fcb80d0995abaaf842b3949f154d060be4160f7a46cb2bc2f7726c81526f5
  languageName: node
  linkType: hard

"destr@npm:^2.0.5":
  version: 2.0.5
  resolution: "destr@npm:2.0.5"
  checksum: 10c0/efabffe7312a45ad90d79975376be958c50069f1156b94c181199763a7f971e113bd92227c26b94a169c71ca7dbc13583b7e96e5164743969fc79e1ff153e646
  languageName: node
  linkType: hard

"dgraph-dg-auth-proxy@workspace:.":
  version: 0.0.0-use.local
  resolution: "dgraph-dg-auth-proxy@workspace:."
  dependencies:
    "@types/node": "npm:^24.5.0"
    dotenv: "npm:^17.2.2"
    h3: "npm:^1.15.4"
  languageName: unknown
  linkType: soft

"dotenv@npm:^17.2.2":
  version: 17.2.2
  resolution: "dotenv@npm:17.2.2"
  checksum: 10c0/be66513504590aff6eccb14167625aed9bd42ce80547f4fe5d195860211971a7060949b57108dfaeaf90658f79e40edccd3f233f0a978bff507b5b1565ae162b
  languageName: node
  linkType: hard

"h3@npm:^1.15.4":
  version: 1.15.4
  resolution: "h3@npm:1.15.4"
  dependencies:
    cookie-es: "npm:^1.2.2"
    crossws: "npm:^0.3.5"
    defu: "npm:^6.1.4"
    destr: "npm:^2.0.5"
    iron-webcrypto: "npm:^1.2.1"
    node-mock-http: "npm:^1.0.2"
    radix3: "npm:^1.1.2"
    ufo: "npm:^1.6.1"
    uncrypto: "npm:^0.1.3"
  checksum: 10c0/5182a722d01fe18af5cb62441aaa872b630f4e1ac2cf1782e1f442e65fdfddb85eb6723bf73a96184c2dc1f1e3771d713ef47c456a9a4e92c640b025ba91044c
  languageName: node
  linkType: hard

"iron-webcrypto@npm:^1.2.1":
  version: 1.2.1
  resolution: "iron-webcrypto@npm:1.2.1"
  checksum: 10c0/5cf27c6e2bd3ef3b4970e486235fd82491ab8229e2ed0ac23307c28d6c80d721772a86ed4e9fe2a5cabadd710c2f024b706843b40561fb83f15afee58f809f66
  languageName: node
  linkType: hard

"node-mock-http@npm:^1.0.2":
  version: 1.0.3
  resolution: "node-mock-http@npm:1.0.3"
  checksum: 10c0/663f2a13518fc89b0dc69f96ba4442b5d1ecbbf20a833283725c8d2d92286af1b634803822432985be5999317fd5f23edbf2a62335fe6dd38d6b19dd7b107559
  languageName: node
  linkType: hard

"radix3@npm:^1.1.2":
  version: 1.1.2
  resolution: "radix3@npm:1.1.2"
  checksum: 10c0/d4a295547f71af079868d2c2ed3814a9296ee026c5488212d58c106e6b4797c6eaec1259b46c9728913622f2240c9a944bfc8e2b3b5f6e4a5045338b1609f1e4
  languageName: node
  linkType: hard

"ufo@npm:^1.6.1":
  version: 1.6.1
  resolution: "ufo@npm:1.6.1"
  checksum: 10c0/5a9f041e5945fba7c189d5410508cbcbefef80b253ed29aa2e1f8a2b86f4bd51af44ee18d4485e6d3468c92be9bf4a42e3a2b72dcaf27ce39ce947ec994f1e6b
  languageName: node
  linkType: hard

"uncrypto@npm:^0.1.3":
  version: 0.1.3
  resolution: "uncrypto@npm:0.1.3"
  checksum: 10c0/74a29afefd76d5b77bedc983559ceb33f5bbc8dada84ff33755d1e3355da55a4e03a10e7ce717918c436b4dfafde1782e799ebaf2aadd775612b49f7b5b2998e
  languageName: node
  linkType: hard

"undici-types@npm:~7.12.0":
  version: 7.12.0
  resolution: "undici-types@npm:7.12.0"
  checksum: 10c0/326e455bbc0026db1d6b81c76a1cf10c63f7e2f9821db2e24fdc258f482814e5bfa8481f8910d07c68e305937c5c049610fdc441c5e8b7bb0daca7154fb8a306
  languageName: node
  linkType: hard
